
Microsoft Visual Studio Solution File, Format Version 12.00
# Visual Studio Version 16
VisualStudioVersion = 16.0.30611.23
MinimumVisualStudioVersion = 10.0.40219.1
Project("{FAE04EC0-301F-11D3-BF4B-00C04F79EFBC}") = "MediaPlayer", "MediaPlayer\MediaPlayer.csproj", "{DA8D0183-E3A3-419C-9225-F46CF4AFC3DB}"
EndProject
Global
	GlobalSection(SolutionConfigurationPlatforms) = preSolution
		Debug|Any CPU = Debug|Any CPU
		Release|Any CPU = Release|Any CPU
	EndGlobalSection
	GlobalSection(ProjectConfigurationPlatforms) = postSolution
		{DA8D0183-E3A3-419C-9225-F46CF4AFC3DB}.Debug|Any CPU.ActiveCfg = Debug|Any CPU
		{DA8D0183-E3A3-419C-9225-F46CF4AFC3DB}.Debug|Any CPU.Build.0 = Debug|Any CPU
		{DA8D0183-E3A3-419C-9225-F46CF4AFC3DB}.Release|Any CPU.ActiveCfg = Release|Any CPU
		{DA8D0183-E3A3-419C-9225-F46CF4AFC3DB}.Release|Any CPU.Build.0 = Release|Any CPU
	EndGlobalSection
	GlobalSection(SolutionProperties) = preSolution
		HideSolutionNode = FALSE
	EndGlobalSection
	GlobalSection(ExtensibilityGlobals) = postSolution
		SolutionGuid = {8BFE695E-2B9B-4A3F-8908-7F7EE801B19E}
	EndGlobalSection
EndGlobal
